<?xml version="1.0" encoding="utf-8"?>
<Project ToolsVersion="4.0" xmlns="http://schemas.microsoft.com/developer/msbuild/2003">
  <ItemGroup>
    <Filter Include="源文件">
      <UniqueIdentifier>{4FC737F1-C7A5-4376-A066-2A32D752A2FF}</UniqueIdentifier>
      <Extensions>cpp;c;cc;cxx;def;odl;idl;hpj;bat;asm;asmx</Extensions>
    </Filter>
    <Filter Include="头文件">
      <UniqueIdentifier>{93995380-89BD-4b04-88EB-625FBE52EBFB}</UniqueIdentifier>
      <Extensions>h;hpp;hxx;hm;inl;inc;xsd</Extensions>
    </Filter>
    <Filter Include="资源文件">
      <UniqueIdentifier>{67DA6AB6-F800-4c08-8B7A-83BB121AAD01}</UniqueIdentifier>
      <Extensions>rc;ico;cur;bmp;dlg;rc2;rct;bin;rgs;gif;jpg;jpeg;jpe;resx;tiff;tif;png;wav;mfcribbon-ms</Extensions>
    </Filter>
    <Filter Include="头文件\db">
      <UniqueIdentifier>{d970e1e3-801e-4177-a57c-73e16d7f43b4}</UniqueIdentifier>
    </Filter>
    <Filter Include="源文件\db">
      <UniqueIdentifier>{02eb45e7-c30a-4aa8-a775-047fd7d749ec}</UniqueIdentifier>
    </Filter>
    <Filter Include="头文件\common">
      <UniqueIdentifier>{a18d16e8-3a2f-4bfb-a8d8-79c3853a7daa}</UniqueIdentifier>
    </Filter>
    <Filter Include="源文件\common">
      <UniqueIdentifier>{13ff35ec-f6ea-4401-997c-f1226904fda2}</UniqueIdentifier>
    </Filter>
    <Filter Include="globle">
      <UniqueIdentifier>{c14b6502-db0c-4516-944a-f15128d3b6f7}</UniqueIdentifier>
    </Filter>
    <Filter Include="HPSocket">
      <UniqueIdentifier>{5f0de62a-7b75-4f35-b043-1ae78f119218}</UniqueIdentifier>
    </Filter>
  </ItemGroup>
  <ItemGroup>
    <None Include="ReadMe.txt" />
    <None Include="res\PayServer.rc2">
      <Filter>资源文件</Filter>
    </None>
    <None Include="res\PayServer.ico">
      <Filter>资源文件</Filter>
    </None>
  </ItemGroup>
  <ItemGroup>
    <ClInclude Include="PayServer.h">
      <Filter>头文件</Filter>
    </ClInclude>
    <ClInclude Include="PayServerDlg.h">
      <Filter>头文件</Filter>
    </ClInclude>
    <ClInclude Include="stdafx.h">
      <Filter>头文件</Filter>
    </ClInclude>
    <ClInclude Include="targetver.h">
      <Filter>头文件</Filter>
    </ClInclude>
    <ClInclude Include="Resource.h">
      <Filter>头文件</Filter>
    </ClInclude>
    <ClInclude Include="dbData.h">
      <Filter>头文件\db</Filter>
    </ClInclude>
    <ClInclude Include="..\common\globle.h">
      <Filter>头文件\common</Filter>
    </ClInclude>
    <ClInclude Include="..\common\common.h">
      <Filter>头文件\common</Filter>
    </ClInclude>
    <ClInclude Include="..\HP-Socket\Src\SocketInterface.h">
      <Filter>HPSocket</Filter>
    </ClInclude>
    <ClInclude Include="..\HP-Socket\Src\HPSocket.h">
      <Filter>HPSocket</Filter>
    </ClInclude>
    <ClInclude Include="..\HP-Socket\Global\helper.h">
      <Filter>globle</Filter>
    </ClInclude>
    <ClInclude Include="..\HP-Socket\Src\HPTypeDef.h">
      <Filter>HPSocket</Filter>
    </ClInclude>
    <ClInclude Include="..\HP-Socket\Common\Src\GeneralHelper.h">
      <Filter>globle</Filter>
    </ClInclude>
  </ItemGroup>
  <ItemGroup>
    <ClCompile Include="PayServer.cpp">
      <Filter>源文件</Filter>
    </ClCompile>
    <ClCompile Include="PayServerDlg.cpp">
      <Filter>源文件</Filter>
    </ClCompile>
    <ClCompile Include="stdafx.cpp">
      <Filter>源文件</Filter>
    </ClCompile>
    <ClCompile Include="dbData.cpp">
      <Filter>源文件\db</Filter>
    </ClCompile>
    <ClCompile Include="..\common\globle.cpp">
      <Filter>源文件\common</Filter>
    </ClCompile>
    <ClCompile Include="..\common\common.cpp">
      <Filter>源文件\common</Filter>
    </ClCompile>
    <ClCompile Include="..\HP-Socket\Global\helper.cpp">
      <Filter>globle</Filter>
    </ClCompile>
  </ItemGroup>
  <ItemGroup>
    <ResourceCompile Include="PayServer.rc">
      <Filter>资源文件</Filter>
    </ResourceCompile>
  </ItemGroup>
</Project>