<?xml version="1.0" encoding="utf-8"?>
<Project ToolsVersion="4.0" xmlns="http://schemas.microsoft.com/developer/msbuild/2003">
  <ItemGroup>
    <Filter Include="源文件">
      <UniqueIdentifier>{4FC737F1-C7A5-4376-A066-2A32D752A2FF}</UniqueIdentifier>
      <Extensions>cpp;c;cc;cxx;def;odl;idl;hpj;bat;asm;asmx</Extensions>
    </Filter>
    <Filter Include="头文件">
      <UniqueIdentifier>{93995380-89BD-4b04-88EB-625FBE52EBFB}</UniqueIdentifier>
      <Extensions>h;hpp;hxx;hm;inl;inc;xsd</Extensions>
    </Filter>
    <Filter Include="资源文件">
      <UniqueIdentifier>{67DA6AB6-F800-4c08-8B7A-83BB121AAD01}</UniqueIdentifier>
      <Extensions>rc;ico;cur;bmp;dlg;rc2;rct;bin;rgs;gif;jpg;jpeg;jpe;resx;tiff;tif;png;wav</Extensions>
    </Filter>
    <Filter Include="头文件\单价设置">
      <UniqueIdentifier>{0c81d007-63d6-4a21-b395-cdf583c7e6af}</UniqueIdentifier>
    </Filter>
    <Filter Include="源文件\单价设置">
      <UniqueIdentifier>{e453f2d7-159d-4638-94e0-039c4e1c7e36}</UniqueIdentifier>
    </Filter>
    <Filter Include="头文件\common">
      <UniqueIdentifier>{06552da8-67ca-4e7f-aa88-ff8630c60dbd}</UniqueIdentifier>
    </Filter>
    <Filter Include="源文件\common">
      <UniqueIdentifier>{715e2579-5535-49f1-bfa2-f76ea73d879d}</UniqueIdentifier>
    </Filter>
    <Filter Include="globle">
      <UniqueIdentifier>{f0e32291-ccd9-4eb5-b700-d3acac391556}</UniqueIdentifier>
    </Filter>
  </ItemGroup>
  <ItemGroup>
    <ClCompile Include="AddBookDlg.cpp">
      <Filter>源文件</Filter>
    </ClCompile>
    <ClCompile Include="AddStaffDlg.cpp">
      <Filter>源文件</Filter>
    </ClCompile>
    <ClCompile Include="BookMngDlg.cpp">
      <Filter>源文件</Filter>
    </ClCompile>
    <ClCompile Include="PayAccount.cpp">
      <Filter>源文件</Filter>
    </ClCompile>
    <ClCompile Include="PayAccountDlg.cpp">
      <Filter>源文件</Filter>
    </ClCompile>
    <ClCompile Include="StaffMngDlg.cpp">
      <Filter>源文件</Filter>
    </ClCompile>
    <ClCompile Include="stdafx.cpp">
      <Filter>源文件</Filter>
    </ClCompile>
    <ClCompile Include="LockDlg.cpp">
      <Filter>源文件</Filter>
    </ClCompile>
    <ClCompile Include="MdfPwdDlg.cpp">
      <Filter>源文件</Filter>
    </ClCompile>
    <ClCompile Include="Test.cpp">
      <Filter>源文件</Filter>
    </ClCompile>
    <ClCompile Include="UserMngDlg.cpp">
      <Filter>源文件</Filter>
    </ClCompile>
    <ClCompile Include="AddUserDlg.cpp">
      <Filter>源文件</Filter>
    </ClCompile>
    <ClCompile Include="LoginDlg.cpp">
      <Filter>源文件</Filter>
    </ClCompile>
    <ClCompile Include="MyListCtrl.cpp">
      <Filter>源文件</Filter>
    </ClCompile>
    <ClCompile Include="OtherProListCtrl.cpp">
      <Filter>源文件</Filter>
    </ClCompile>
    <ClCompile Include="ProjectMngDlg.cpp">
      <Filter>源文件</Filter>
    </ClCompile>
    <ClCompile Include="DetailDlg.cpp">
      <Filter>源文件</Filter>
    </ClCompile>
    <ClCompile Include="DaiNumberPayDlg.cpp">
      <Filter>源文件\单价设置</Filter>
    </ClCompile>
    <ClCompile Include="DianYePayDlg.cpp">
      <Filter>源文件\单价设置</Filter>
    </ClCompile>
    <ClCompile Include="OtherProDlg.cpp">
      <Filter>源文件\单价设置</Filter>
    </ClCompile>
    <ClCompile Include="ZheYeDlg.cpp">
      <Filter>源文件\单价设置</Filter>
    </ClCompile>
    <ClCompile Include="SetPayDlg.cpp">
      <Filter>源文件\单价设置</Filter>
    </ClCompile>
    <ClCompile Include="DayCheckDlg.cpp">
      <Filter>源文件</Filter>
    </ClCompile>
    <ClCompile Include="MonthCheckDlg.cpp">
      <Filter>源文件</Filter>
    </ClCompile>
    <ClCompile Include="Detail_ListCtrl.cpp">
      <Filter>源文件</Filter>
    </ClCompile>
    <ClCompile Include="AddProDlg.cpp">
      <Filter>源文件</Filter>
    </ClCompile>
    <ClCompile Include="ProcessDlg.cpp">
      <Filter>源文件</Filter>
    </ClCompile>
    <ClCompile Include="..\common\EditSet.cpp">
      <Filter>源文件\common</Filter>
    </ClCompile>
    <ClCompile Include="..\common\globle.cpp">
      <Filter>源文件\common</Filter>
    </ClCompile>
    <ClCompile Include="..\common\common.cpp">
      <Filter>源文件\common</Filter>
    </ClCompile>
    <ClCompile Include="ProMngListCtrl.cpp">
      <Filter>源文件</Filter>
    </ClCompile>
    <ClCompile Include="StaffWriteDlg.cpp">
      <Filter>源文件</Filter>
    </ClCompile>
    <ClCompile Include="SetAdressDlg.cpp">
      <Filter>源文件</Filter>
    </ClCompile>
    <ClCompile Include="WorkCalDlg.cpp">
      <Filter>源文件</Filter>
    </ClCompile>
    <ClCompile Include="..\HP-Socket\Global\helper.cpp">
      <Filter>globle</Filter>
    </ClCompile>
  </ItemGroup>
  <ItemGroup>
    <ClInclude Include="AddBookDlg.h">
      <Filter>头文件</Filter>
    </ClInclude>
    <ClInclude Include="AddStaffDlg.h">
      <Filter>头文件</Filter>
    </ClInclude>
    <ClInclude Include="BookMngDlg.h">
      <Filter>头文件</Filter>
    </ClInclude>
    <ClInclude Include="PayAccount.h">
      <Filter>头文件</Filter>
    </ClInclude>
    <ClInclude Include="PayAccountDlg.h">
      <Filter>头文件</Filter>
    </ClInclude>
    <ClInclude Include="Resource.h">
      <Filter>头文件</Filter>
    </ClInclude>
    <ClInclude Include="StaffMngDlg.h">
      <Filter>头文件</Filter>
    </ClInclude>
    <ClInclude Include="stdafx.h">
      <Filter>头文件</Filter>
    </ClInclude>
    <ClInclude Include="targetver.h">
      <Filter>头文件</Filter>
    </ClInclude>
    <ClInclude Include="LockDlg.h">
      <Filter>头文件</Filter>
    </ClInclude>
    <ClInclude Include="MdfPwdDlg.h">
      <Filter>头文件</Filter>
    </ClInclude>
    <ClInclude Include="Test.h">
      <Filter>头文件</Filter>
    </ClInclude>
    <ClInclude Include="UserMngDlg.h">
      <Filter>头文件</Filter>
    </ClInclude>
    <ClInclude Include="AddUserDlg.h">
      <Filter>头文件</Filter>
    </ClInclude>
    <ClInclude Include="LoginDlg.h">
      <Filter>头文件</Filter>
    </ClInclude>
    <ClInclude Include="MyListCtrl.h">
      <Filter>头文件</Filter>
    </ClInclude>
    <ClInclude Include="OtherProListCtrl.h">
      <Filter>头文件</Filter>
    </ClInclude>
    <ClInclude Include="ProjectMngDlg.h">
      <Filter>头文件</Filter>
    </ClInclude>
    <ClInclude Include="DetailDlg.h">
      <Filter>头文件</Filter>
    </ClInclude>
    <ClInclude Include="DaiNumberPayDlg.h">
      <Filter>头文件\单价设置</Filter>
    </ClInclude>
    <ClInclude Include="DianYePayDlg.h">
      <Filter>头文件\单价设置</Filter>
    </ClInclude>
    <ClInclude Include="ZheYeDlg.h">
      <Filter>头文件\单价设置</Filter>
    </ClInclude>
    <ClInclude Include="SetPayDlg.h">
      <Filter>头文件\单价设置</Filter>
    </ClInclude>
    <ClInclude Include="OtherProDlg.h">
      <Filter>头文件\单价设置</Filter>
    </ClInclude>
    <ClInclude Include="DayCheckDlg.h">
      <Filter>头文件</Filter>
    </ClInclude>
    <ClInclude Include="MonthCheckDlg.h">
      <Filter>头文件</Filter>
    </ClInclude>
    <ClInclude Include="Detail_ListCtrl.h">
      <Filter>头文件</Filter>
    </ClInclude>
    <ClInclude Include="AddProDlg.h">
      <Filter>头文件</Filter>
    </ClInclude>
    <ClInclude Include="ProcessDlg.h">
      <Filter>头文件</Filter>
    </ClInclude>
    <ClInclude Include="..\common\EditSet.h">
      <Filter>头文件\common</Filter>
    </ClInclude>
    <ClInclude Include="..\common\globle.h">
      <Filter>头文件\common</Filter>
    </ClInclude>
    <ClInclude Include="..\common\common.h">
      <Filter>头文件\common</Filter>
    </ClInclude>
    <ClInclude Include="..\common\Status.h">
      <Filter>头文件\common</Filter>
    </ClInclude>
    <ClInclude Include="ProMngListCtrl.h">
      <Filter>头文件</Filter>
    </ClInclude>
    <ClInclude Include="StaffWriteDlg.h">
      <Filter>头文件</Filter>
    </ClInclude>
    <ClInclude Include="SetAdressDlg.h">
      <Filter>头文件</Filter>
    </ClInclude>
    <ClInclude Include="WorkCalDlg.h">
      <Filter>头文件</Filter>
    </ClInclude>
    <ClInclude Include="..\HP-Socket\Global\helper.h">
      <Filter>globle</Filter>
    </ClInclude>
    <ClInclude Include="..\HP-Socket\Common\Src\GeneralHelper.h">
      <Filter>globle</Filter>
    </ClInclude>
    <ClInclude Include="Template_Class.h">
      <Filter>头文件</Filter>
    </ClInclude>
  </ItemGroup>
  <ItemGroup>
    <Image Include="res\PayAccount.ico">
      <Filter>资源文件</Filter>
    </Image>
  </ItemGroup>
  <ItemGroup>
    <ResourceCompile Include="PayAccount.rc">
      <Filter>资源文件</Filter>
    </ResourceCompile>
  </ItemGroup>
  <ItemGroup>
    <None Include="res\PayAccount.rc2">
      <Filter>资源文件</Filter>
    </None>
  </ItemGroup>
  <ItemGroup>
    <Text Include="ReadMe.txt" />
  </ItemGroup>
</Project>